
Microsoft Visual Studio Solution File, Format Version 12.00
# Visual Studio 15
VisualStudioVersion = 15.0.28307.168
MinimumVisualStudioVersion = 10.0.40219.1
Project("{FAE04EC0-301F-11D3-BF4B-00C04F79EFBC}") = "track.Android", "track\track.Android\track.Android.csproj", "{0C6F32C7-83E7-44F2-AAB7-96AABA1612A8}"
EndProject
Project("{FAE04EC0-301F-11D3-BF4B-00C04F79EFBC}") = "track.iOS", "track\track.iOS\track.iOS.csproj", "{A46C2E4E-C4F3-4DC3-95E7-375578C0F362}"
EndProject
Project("{FAE04EC0-301F-11D3-BF4B-00C04F79EFBC}") = "track.UWP", "track\track.UWP\track.UWP.csproj", "{E2BC9B8D-C4E7-477D-A922-11C54CC2E561}"
EndProject
Project("{FAE04EC0-301F-11D3-BF4B-00C04F79EFBC}") = "track", "track\track\track.csproj", "{950B1AD9-35C2-4FEA-B3A1-6274DB33B44D}"
EndProject
Global
	GlobalSection(SolutionConfigurationPlatforms) = preSolution
		Ad-Hoc|Any CPU = Ad-Hoc|Any CPU
		Ad-Hoc|ARM = Ad-Hoc|ARM
		Ad-Hoc|iPhone = Ad-Hoc|iPhone
		Ad-Hoc|iPhoneSimulator = Ad-Hoc|iPhoneSimulator
		Ad-Hoc|x64 = Ad-Hoc|x64
		Ad-Hoc|x86 = Ad-Hoc|x86
		AppStore|Any CPU = AppStore|Any CPU
		AppStore|ARM = AppStore|ARM
		AppStore|iPhone = AppStore|iPhone
		AppStore|iPhoneSimulator = AppStore|iPhoneSimulator
		AppStore|x64 = AppStore|x64
		AppStore|x86 = AppStore|x86
		Debug|Any CPU = Debug|Any CPU
		Debug|ARM = Debug|ARM
		Debug|iPhone = Debug|iPhone
		Debug|iPhoneSimulator = Debug|iPhoneSimulator
		Debug|x64 = Debug|x64
		Debug|x86 = Debug|x86
		Release|Any CPU = Release|Any CPU
		Release|ARM = Release|ARM
		Release|iPhone = Release|iPhone
		Release|iPhoneSimulator = Release|iPhoneSimulator
		Release|x64 = Release|x64
		Release|x86 = Release|x86
	EndGlobalSection
	GlobalSection(ProjectConfigurationPlatforms) = postSolution
		{0C6F32C7-83E7-44F2-AAB7-96AABA1612A8}.Ad-Hoc|Any CPU.ActiveCfg = Release|Any CPU
		{0C6F32C7-83E7-44F2-AAB7-96AABA1612A8}.Ad-Hoc|Any CPU.Build.0 = Release|Any CPU
		{0C6F32C7-83E7-44F2-AAB7-96AABA1612A8}.Ad-Hoc|Any CPU.Deploy.0 = Release|Any CPU
		{0C6F32C7-83E7-44F2-AAB7-96AABA1612A8}.Ad-Hoc|ARM.ActiveCfg = Release|Any CPU
		{0C6F32C7-83E7-44F2-AAB7-96AABA1612A8}.Ad-Hoc|ARM.Build.0 = Release|Any CPU
		{0C6F32C7-83E7-44F2-AAB7-96AABA1612A8}.Ad-Hoc|ARM.Deploy.0 = Release|Any CPU
		{0C6F32C7-83E7-44F2-AAB7-96AABA1612A8}.Ad-Hoc|iPhone.ActiveCfg = Release|Any CPU
		{0C6F32C7-83E7-44F2-AAB7-96AABA1612A8}.Ad-Hoc|iPhone.Build.0 = Release|Any CPU
		{0C6F32C7-83E7-44F2-AAB7-96AABA1612A8}.Ad-Hoc|iPhone.Deploy.0 = Release|Any CPU
		{0C6F32C7-83E7-44F2-AAB7-96AABA1612A8}.Ad-Hoc|iPhoneSimulator.ActiveCfg = Release|Any CPU
		{0C6F32C7-83E7-44F2-AAB7-96AABA1612A8}.Ad-Hoc|iPhoneSimulator.Build.0 = Release|Any CPU
		{0C6F32C7-83E7-44F2-AAB7-96AABA1612A8}.Ad-Hoc|iPhoneSimulator.Deploy.0 = Release|Any CPU
		{0C6F32C7-83E7-44F2-AAB7-96AABA1612A8}.Ad-Hoc|x64.ActiveCfg = Release|Any CPU
		{0C6F32C7-83E7-44F2-AAB7-96AABA1612A8}.Ad-Hoc|x64.Build.0 = Release|Any CPU
		{0C6F32C7-83E7-44F2-AAB7-96AABA1612A8}.Ad-Hoc|x64.Deploy.0 = Release|Any CPU
		{0C6F32C7-83E7-44F2-AAB7-96AABA1612A8}.Ad-Hoc|x86.ActiveCfg = Release|Any CPU
		{0C6F32C7-83E7-44F2-AAB7-96AABA1612A8}.Ad-Hoc|x86.Build.0 = Release|Any CPU
		{0C6F32C7-83E7-44F2-AAB7-96AABA1612A8}.Ad-Hoc|x86.Deploy.0 = Release|Any CPU
		{0C6F32C7-83E7-44F2-AAB7-96AABA1612A8}.AppStore|Any CPU.ActiveCfg = Release|Any CPU
		{0C6F32C7-83E7-44F2-AAB7-96AABA1612A8}.AppStore|Any CPU.Build.0 = Release|Any CPU
		{0C6F32C7-83E7-44F2-AAB7-96AABA1612A8}.AppStore|Any CPU.Deploy.0 = Release|Any CPU
		{0C6F32C7-83E7-44F2-AAB7-96AABA1612A8}.AppStore|ARM.ActiveCfg = Release|Any CPU
		{0C6F32C7-83E7-44F2-AAB7-96AABA1612A8}.AppStore|ARM.Build.0 = Release|Any CPU
		{0C6F32C7-83E7-44F2-AAB7-96AABA1612A8}.AppStore|ARM.Deploy.0 = Release|Any CPU
		{0C6F32C7-83E7-44F2-AAB7-96AABA1612A8}.AppStore|iPhone.ActiveCfg = Release|Any CPU
		{0C6F32C7-83E7-44F2-AAB7-96AABA1612A8}.AppStore|iPhone.Build.0 = Release|Any CPU
		{0C6F32C7-83E7-44F2-AAB7-96AABA1612A8}.AppStore|iPhone.Deploy.0 = Release|Any CPU
		{0C6F32C7-83E7-44F2-AAB7-96AABA1612A8}.AppStore|iPhoneSimulator.ActiveCfg = Release|Any CPU
		{0C6F32C7-83E7-44F2-AAB7-96AABA1612A8}.AppStore|iPhoneSimulator.Build.0 = Release|Any CPU
		{0C6F32C7-83E7-44F2-AAB7-96AABA1612A8}.AppStore|iPhoneSimulator.Deploy.0 = Release|Any CPU
		{0C6F32C7-83E7-44F2-AAB7-96AABA1612A8}.AppStore|x64.ActiveCfg = Release|Any CPU
		{0C6F32C7-83E7-44F2-AAB7-96AABA1612A8}.AppStore|x64.Build.0 = Release|Any CPU
		{0C6F32C7-83E7-44F2-AAB7-96AABA1612A8}.AppStore|x64.Deploy.0 = Release|Any CPU
		{0C6F32C7-83E7-44F2-AAB7-96AABA1612A8}.AppStore|x86.ActiveCfg = Release|Any CPU
		{0C6F32C7-83E7-44F2-AAB7-96AABA1612A8}.AppStore|x86.Build.0 = Release|Any CPU
		{0C6F32C7-83E7-44F2-AAB7-96AABA1612A8}.AppStore|x86.Deploy.0 = Release|Any CPU
		{0C6F32C7-83E7-44F2-AAB7-96AABA1612A8}.Debug|Any CPU.ActiveCfg = Debug|Any CPU
		{0C6F32C7-83E7-44F2-AAB7-96AABA1612A8}.Debug|Any CPU.Build.0 = Debug|Any CPU
		{0C6F32C7-83E7-44F2-AAB7-96AABA1612A8}.Debug|Any CPU.Deploy.0 = Debug|Any CPU
		{0C6F32C7-83E7-44F2-AAB7-96AABA1612A8}.Debug|ARM.ActiveCfg = Debug|Any CPU
		{0C6F32C7-83E7-44F2-AAB7-96AABA1612A8}.Debug|ARM.Build.0 = Debug|Any CPU
		{0C6F32C7-83E7-44F2-AAB7-96AABA1612A8}.Debug|ARM.Deploy.0 = Debug|Any CPU
		{0C6F32C7-83E7-44F2-AAB7-96AABA1612A8}.Debug|iPhone.ActiveCfg = Debug|Any CPU
		{0C6F32C7-83E7-44F2-AAB7-96AABA1612A8}.Debug|iPhone.Build.0 = Debug|Any CPU
		{0C6F32C7-83E7-44F2-AAB7-96AABA1612A8}.Debug|iPhone.Deploy.0 = Debug|Any CPU
		{0C6F32C7-83E7-44F2-AAB7-96AABA1612A8}.Debug|iPhoneSimulator.ActiveCfg = Debug|Any CPU
		{0C6F32C7-83E7-44F2-AAB7-96AABA1612A8}.Debug|iPhoneSimulator.Build.0 = Debug|Any CPU
		{0C6F32C7-83E7-44F2-AAB7-96AABA1612A8}.Debug|iPhoneSimulator.Deploy.0 = Debug|Any CPU
		{0C6F32C7-83E7-44F2-AAB7-96AABA1612A8}.Debug|x64.ActiveCfg = Debug|Any CPU
		{0C6F32C7-83E7-44F2-AAB7-96AABA1612A8}.Debug|x64.Build.0 = Debug|Any CPU
		{0C6F32C7-83E7-44F2-AAB7-96AABA1612A8}.Debug|x64.Deploy.0 = Debug|Any CPU
		{0C6F32C7-83E7-44F2-AAB7-96AABA1612A8}.Debug|x86.ActiveCfg = Debug|Any CPU
		{0C6F32C7-83E7-44F2-AAB7-96AABA1612A8}.Debug|x86.Build.0 = Debug|Any CPU
		{0C6F32C7-83E7-44F2-AAB7-96AABA1612A8}.Debug|x86.Deploy.0 = Debug|Any CPU
		{0C6F32C7-83E7-44F2-AAB7-96AABA1612A8}.Release|Any CPU.ActiveCfg = Release|Any CPU
		{0C6F32C7-83E7-44F2-AAB7-96AABA1612A8}.Release|Any CPU.Build.0 = Release|Any CPU
		{0C6F32C7-83E7-44F2-AAB7-96AABA1612A8}.Release|Any CPU.Deploy.0 = Release|Any CPU
		{0C6F32C7-83E7-44F2-AAB7-96AABA1612A8}.Release|ARM.ActiveCfg = Release|Any CPU
		{0C6F32C7-83E7-44F2-AAB7-96AABA1612A8}.Release|ARM.Build.0 = Release|Any CPU
		{0C6F32C7-83E7-44F2-AAB7-96AABA1612A8}.Release|ARM.Deploy.0 = Release|Any CPU
		{0C6F32C7-83E7-44F2-AAB7-96AABA1612A8}.Release|iPhone.ActiveCfg = Release|Any CPU
		{0C6F32C7-83E7-44F2-AAB7-96AABA1612A8}.Release|iPhone.Build.0 = Release|Any CPU
		{0C6F32C7-83E7-44F2-AAB7-96AABA1612A8}.Release|iPhone.Deploy.0 = Release|Any CPU
		{0C6F32C7-83E7-44F2-AAB7-96AABA1612A8}.Release|iPhoneSimulator.ActiveCfg = Release|Any CPU
		{0C6F32C7-83E7-44F2-AAB7-96AABA1612A8}.Release|iPhoneSimulator.Build.0 = Release|Any CPU
		{0C6F32C7-83E7-44F2-AAB7-96AABA1612A8}.Release|iPhoneSimulator.Deploy.0 = Release|Any CPU
		{0C6F32C7-83E7-44F2-AAB7-96AABA1612A8}.Release|x64.ActiveCfg = Release|Any CPU
		{0C6F32C7-83E7-44F2-AAB7-96AABA1612A8}.Release|x64.Build.0 = Release|Any CPU
		{0C6F32C7-83E7-44F2-AAB7-96AABA1612A8}.Release|x64.Deploy.0 = Release|Any CPU
		{0C6F32C7-83E7-44F2-AAB7-96AABA1612A8}.Release|x86.ActiveCfg = Release|Any CPU
		{0C6F32C7-83E7-44F2-AAB7-96AABA1612A8}.Release|x86.Build.0 = Release|Any CPU
		{0C6F32C7-83E7-44F2-AAB7-96AABA1612A8}.Release|x86.Deploy.0 = Release|Any CPU
		{A46C2E4E-C4F3-4DC3-95E7-375578C0F362}.Ad-Hoc|Any CPU.ActiveCfg = Ad-Hoc|iPhone
		{A46C2E4E-C4F3-4DC3-95E7-375578C0F362}.Ad-Hoc|Any CPU.Build.0 = Ad-Hoc|iPhone
		{A46C2E4E-C4F3-4DC3-95E7-375578C0F362}.Ad-Hoc|Any CPU.Deploy.0 = Ad-Hoc|iPhone
		{A46C2E4E-C4F3-4DC3-95E7-375578C0F362}.Ad-Hoc|ARM.ActiveCfg = Ad-Hoc|iPhone
		{A46C2E4E-C4F3-4DC3-95E7-375578C0F362}.Ad-Hoc|ARM.Build.0 = Ad-Hoc|iPhone
		{A46C2E4E-C4F3-4DC3-95E7-375578C0F362}.Ad-Hoc|ARM.Deploy.0 = Ad-Hoc|iPhone
		{A46C2E4E-C4F3-4DC3-95E7-375578C0F362}.Ad-Hoc|iPhone.ActiveCfg = Ad-Hoc|iPhone
		{A46C2E4E-C4F3-4DC3-95E7-375578C0F362}.Ad-Hoc|iPhone.Build.0 = Ad-Hoc|iPhone
		{A46C2E4E-C4F3-4DC3-95E7-375578C0F362}.Ad-Hoc|iPhone.Deploy.0 = Ad-Hoc|iPhone
		{A46C2E4E-C4F3-4DC3-95E7-375578C0F362}.Ad-Hoc|iPhoneSimulator.ActiveCfg = Ad-Hoc|iPhoneSimulator
		{A46C2E4E-C4F3-4DC3-95E7-375578C0F362}.Ad-Hoc|iPhoneSimulator.Build.0 = Ad-Hoc|iPhoneSimulator
		{A46C2E4E-C4F3-4DC3-95E7-375578C0F362}.Ad-Hoc|iPhoneSimulator.Deploy.0 = Ad-Hoc|iPhoneSimulator
		{A46C2E4E-C4F3-4DC3-95E7-375578C0F362}.Ad-Hoc|x64.ActiveCfg = Ad-Hoc|iPhone
		{A46C2E4E-C4F3-4DC3-95E7-375578C0F362}.Ad-Hoc|x64.Build.0 = Ad-Hoc|iPhone
		{A46C2E4E-C4F3-4DC3-95E7-375578C0F362}.Ad-Hoc|x64.Deploy.0 = Ad-Hoc|iPhone
		{A46C2E4E-C4F3-4DC3-95E7-375578C0F362}.Ad-Hoc|x86.ActiveCfg = Ad-Hoc|iPhone
		{A46C2E4E-C4F3-4DC3-95E7-375578C0F362}.Ad-Hoc|x86.Build.0 = Ad-Hoc|iPhone
		{A46C2E4E-C4F3-4DC3-95E7-375578C0F362}.Ad-Hoc|x86.Deploy.0 = Ad-Hoc|iPhone
		{A46C2E4E-C4F3-4DC3-95E7-375578C0F362}.AppStore|Any CPU.ActiveCfg = AppStore|iPhone
		{A46C2E4E-C4F3-4DC3-95E7-375578C0F362}.AppStore|Any CPU.Build.0 = AppStore|iPhone
		{A46C2E4E-C4F3-4DC3-95E7-375578C0F362}.AppStore|Any CPU.Deploy.0 = AppStore|iPhone
		{A46C2E4E-C4F3-4DC3-95E7-375578C0F362}.AppStore|ARM.ActiveCfg = AppStore|iPhone
		{A46C2E4E-C4F3-4DC3-95E7-375578C0F362}.AppStore|ARM.Build.0 = AppStore|iPhone
		{A46C2E4E-C4F3-4DC3-95E7-375578C0F362}.AppStore|ARM.Deploy.0 = AppStore|iPhone
		{A46C2E4E-C4F3-4DC3-95E7-375578C0F362}.AppStore|iPhone.ActiveCfg = AppStore|iPhone
		{A46C2E4E-C4F3-4DC3-95E7-375578C0F362}.AppStore|iPhone.Build.0 = AppStore|iPhone
		{A46C2E4E-C4F3-4DC3-95E7-375578C0F362}.AppStore|iPhone.Deploy.0 = AppStore|iPhone
		{A46C2E4E-C4F3-4DC3-95E7-375578C0F362}.AppStore|iPhoneSimulator.ActiveCfg = AppStore|iPhoneSimulator
		{A46C2E4E-C4F3-4DC3-95E7-375578C0F362}.AppStore|iPhoneSimulator.Build.0 = AppStore|iPhoneSimulator
		{A46C2E4E-C4F3-4DC3-95E7-375578C0F362}.AppStore|iPhoneSimulator.Deploy.0 = AppStore|iPhoneSimulator
		{A46C2E4E-C4F3-4DC3-95E7-375578C0F362}.AppStore|x64.ActiveCfg = AppStore|iPhone
		{A46C2E4E-C4F3-4DC3-95E7-375578C0F362}.AppStore|x64.Build.0 = AppStore|iPhone
		{A46C2E4E-C4F3-4DC3-95E7-375578C0F362}.AppStore|x64.Deploy.0 = AppStore|iPhone
		{A46C2E4E-C4F3-4DC3-95E7-375578C0F362}.AppStore|x86.ActiveCfg = AppStore|iPhone
		{A46C2E4E-C4F3-4DC3-95E7-375578C0F362}.AppStore|x86.Build.0 = AppStore|iPhone
		{A46C2E4E-C4F3-4DC3-95E7-375578C0F362}.AppStore|x86.Deploy.0 = AppStore|iPhone
		{A46C2E4E-C4F3-4DC3-95E7-375578C0F362}.Debug|Any CPU.ActiveCfg = Debug|iPhoneSimulator
		{A46C2E4E-C4F3-4DC3-95E7-375578C0F362}.Debug|Any CPU.Build.0 = Debug|iPhoneSimulator
		{A46C2E4E-C4F3-4DC3-95E7-375578C0F362}.Debug|Any CPU.Deploy.0 = Debug|iPhoneSimulator
		{A46C2E4E-C4F3-4DC3-95E7-375578C0F362}.Debug|ARM.ActiveCfg = Debug|iPhone
		{A46C2E4E-C4F3-4DC3-95E7-375578C0F362}.Debug|ARM.Build.0 = Debug|iPhone
		{A46C2E4E-C4F3-4DC3-95E7-375578C0F362}.Debug|ARM.Deploy.0 = Debug|iPhone
		{A46C2E4E-C4F3-4DC3-95E7-375578C0F362}.Debug|iPhone.ActiveCfg = Debug|iPhone
		{A46C2E4E-C4F3-4DC3-95E7-375578C0F362}.Debug|iPhone.Build.0 = Debug|iPhone
		{A46C2E4E-C4F3-4DC3-95E7-375578C0F362}.Debug|iPhone.Deploy.0 = Debug|iPhone
		{A46C2E4E-C4F3-4DC3-95E7-375578C0F362}.Debug|iPhoneSimulator.ActiveCfg = Debug|iPhoneSimulator
		{A46C2E4E-C4F3-4DC3-95E7-375578C0F362}.Debug|iPhoneSimulator.Build.0 = Debug|iPhoneSimulator
		{A46C2E4E-C4F3-4DC3-95E7-375578C0F362}.Debug|iPhoneSimulator.Deploy.0 = Debug|iPhoneSimulator
		{A46C2E4E-C4F3-4DC3-95E7-375578C0F362}.Debug|x64.ActiveCfg = Debug|iPhone
		{A46C2E4E-C4F3-4DC3-95E7-375578C0F362}.Debug|x64.Build.0 = Debug|iPhone
		{A46C2E4E-C4F3-4DC3-95E7-375578C0F362}.Debug|x64.Deploy.0 = Debug|iPhone
		{A46C2E4E-C4F3-4DC3-95E7-375578C0F362}.Debug|x86.ActiveCfg = Debug|iPhone
		{A46C2E4E-C4F3-4DC3-95E7-375578C0F362}.Debug|x86.Build.0 = Debug|iPhone
		{A46C2E4E-C4F3-4DC3-95E7-375578C0F362}.Debug|x86.Deploy.0 = Debug|iPhone
		{A46C2E4E-C4F3-4DC3-95E7-375578C0F362}.Release|Any CPU.ActiveCfg = Release|iPhone
		{A46C2E4E-C4F3-4DC3-95E7-375578C0F362}.Release|Any CPU.Build.0 = Release|iPhone
		{A46C2E4E-C4F3-4DC3-95E7-375578C0F362}.Release|Any CPU.Deploy.0 = Release|iPhone
		{A46C2E4E-C4F3-4DC3-95E7-375578C0F362}.Release|ARM.ActiveCfg = Release|iPhone
		{A46C2E4E-C4F3-4DC3-95E7-375578C0F362}.Release|ARM.Build.0 = Release|iPhone
		{A46C2E4E-C4F3-4DC3-95E7-375578C0F362}.Release|ARM.Deploy.0 = Release|iPhone
		{A46C2E4E-C4F3-4DC3-95E7-375578C0F362}.Release|iPhone.ActiveCfg = Release|iPhone
		{A46C2E4E-C4F3-4DC3-95E7-375578C0F362}.Release|iPhone.Build.0 = Release|iPhone
		{A46C2E4E-C4F3-4DC3-95E7-375578C0F362}.Release|iPhone.Deploy.0 = Release|iPhone
		{A46C2E4E-C4F3-4DC3-95E7-375578C0F362}.Release|iPhoneSimulator.ActiveCfg = Release|iPhoneSimulator
		{A46C2E4E-C4F3-4DC3-95E7-375578C0F362}.Release|iPhoneSimulator.Build.0 = Release|iPhoneSimulator
		{A46C2E4E-C4F3-4DC3-95E7-375578C0F362}.Release|iPhoneSimulator.Deploy.0 = Release|iPhoneSimulator
		{A46C2E4E-C4F3-4DC3-95E7-375578C0F362}.Release|x64.ActiveCfg = Release|iPhone
		{A46C2E4E-C4F3-4DC3-95E7-375578C0F362}.Release|x64.Build.0 = Release|iPhone
		{A46C2E4E-C4F3-4DC3-95E7-375578C0F362}.Release|x64.Deploy.0 = Release|iPhone
		{A46C2E4E-C4F3-4DC3-95E7-375578C0F362}.Release|x86.ActiveCfg = Release|iPhone
		{A46C2E4E-C4F3-4DC3-95E7-375578C0F362}.Release|x86.Build.0 = Release|iPhone
		{A46C2E4E-C4F3-4DC3-95E7-375578C0F362}.Release|x86.Deploy.0 = Release|iPhone
		{E2BC9B8D-C4E7-477D-A922-11C54CC2E561}.Ad-Hoc|Any CPU.ActiveCfg = Release|x86
		{E2BC9B8D-C4E7-477D-A922-11C54CC2E561}.Ad-Hoc|Any CPU.Build.0 = Release|x86
		{E2BC9B8D-C4E7-477D-A922-11C54CC2E561}.Ad-Hoc|Any CPU.Deploy.0 = Release|x86
		{E2BC9B8D-C4E7-477D-A922-11C54CC2E561}.Ad-Hoc|ARM.ActiveCfg = Release|ARM
		{E2BC9B8D-C4E7-477D-A922-11C54CC2E561}.Ad-Hoc|ARM.Build.0 = Release|ARM
		{E2BC9B8D-C4E7-477D-A922-11C54CC2E561}.Ad-Hoc|ARM.Deploy.0 = Release|ARM
		{E2BC9B8D-C4E7-477D-A922-11C54CC2E561}.Ad-Hoc|iPhone.ActiveCfg = Release|x86
		{E2BC9B8D-C4E7-477D-A922-11C54CC2E561}.Ad-Hoc|iPhone.Build.0 = Release|x86
		{E2BC9B8D-C4E7-477D-A922-11C54CC2E561}.Ad-Hoc|iPhone.Deploy.0 = Release|x86
		{E2BC9B8D-C4E7-477D-A922-11C54CC2E561}.Ad-Hoc|iPhoneSimulator.ActiveCfg = Release|x86
		{E2BC9B8D-C4E7-477D-A922-11C54CC2E561}.Ad-Hoc|iPhoneSimulator.Build.0 = Release|x86
		{E2BC9B8D-C4E7-477D-A922-11C54CC2E561}.Ad-Hoc|iPhoneSimulator.Deploy.0 = Release|x86
		{E2BC9B8D-C4E7-477D-A922-11C54CC2E561}.Ad-Hoc|x64.ActiveCfg = Release|x64
		{E2BC9B8D-C4E7-477D-A922-11C54CC2E561}.Ad-Hoc|x64.Build.0 = Release|x64
		{E2BC9B8D-C4E7-477D-A922-11C54CC2E561}.Ad-Hoc|x64.Deploy.0 = Release|x64
		{E2BC9B8D-C4E7-477D-A922-11C54CC2E561}.Ad-Hoc|x86.ActiveCfg = Release|x86
		{E2BC9B8D-C4E7-477D-A922-11C54CC2E561}.Ad-Hoc|x86.Build.0 = Release|x86
		{E2BC9B8D-C4E7-477D-A922-11C54CC2E561}.Ad-Hoc|x86.Deploy.0 = Release|x86
		{E2BC9B8D-C4E7-477D-A922-11C54CC2E561}.AppStore|Any CPU.ActiveCfg = Release|x86
		{E2BC9B8D-C4E7-477D-A922-11C54CC2E561}.AppStore|Any CPU.Build.0 = Release|x86
		{E2BC9B8D-C4E7-477D-A922-11C54CC2E561}.AppStore|Any CPU.Deploy.0 = Release|x86
		{E2BC9B8D-C4E7-477D-A922-11C54CC2E561}.AppStore|ARM.ActiveCfg = Release|ARM
		{E2BC9B8D-C4E7-477D-A922-11C54CC2E561}.AppStore|ARM.Build.0 = Release|ARM
		{E2BC9B8D-C4E7-477D-A922-11C54CC2E561}.AppStore|ARM.Deploy.0 = Release|ARM
		{E2BC9B8D-C4E7-477D-A922-11C54CC2E561}.AppStore|iPhone.ActiveCfg = Release|x86
		{E2BC9B8D-C4E7-477D-A922-11C54CC2E561}.AppStore|iPhone.Build.0 = Release|x86
		{E2BC9B8D-C4E7-477D-A922-11C54CC2E561}.AppStore|iPhone.Deploy.0 = Release|x86
		{E2BC9B8D-C4E7-477D-A922-11C54CC2E561}.AppStore|iPhoneSimulator.ActiveCfg = Release|x86
		{E2BC9B8D-C4E7-477D-A922-11C54CC2E561}.AppStore|iPhoneSimulator.Build.0 = Release|x86
		{E2BC9B8D-C4E7-477D-A922-11C54CC2E561}.AppStore|iPhoneSimulator.Deploy.0 = Release|x86
		{E2BC9B8D-C4E7-477D-A922-11C54CC2E561}.AppStore|x64.ActiveCfg = Release|x64
		{E2BC9B8D-C4E7-477D-A922-11C54CC2E561}.AppStore|x64.Build.0 = Release|x64
		{E2BC9B8D-C4E7-477D-A922-11C54CC2E561}.AppStore|x64.Deploy.0 = Release|x64
		{E2BC9B8D-C4E7-477D-A922-11C54CC2E561}.AppStore|x86.ActiveCfg = Release|x86
		{E2BC9B8D-C4E7-477D-A922-11C54CC2E561}.AppStore|x86.Build.0 = Release|x86
		{E2BC9B8D-C4E7-477D-A922-11C54CC2E561}.AppStore|x86.Deploy.0 = Release|x86
		{E2BC9B8D-C4E7-477D-A922-11C54CC2E561}.Debug|Any CPU.ActiveCfg = Debug|x86
		{E2BC9B8D-C4E7-477D-A922-11C54CC2E561}.Debug|Any CPU.Build.0 = Debug|x86
		{E2BC9B8D-C4E7-477D-A922-11C54CC2E561}.Debug|Any CPU.Deploy.0 = Debug|x86
		{E2BC9B8D-C4E7-477D-A922-11C54CC2E561}.Debug|ARM.ActiveCfg = Debug|ARM
		{E2BC9B8D-C4E7-477D-A922-11C54CC2E561}.Debug|ARM.Build.0 = Debug|ARM
		{E2BC9B8D-C4E7-477D-A922-11C54CC2E561}.Debug|ARM.Deploy.0 = Debug|ARM
		{E2BC9B8D-C4E7-477D-A922-11C54CC2E561}.Debug|iPhone.ActiveCfg = Debug|x86
		{E2BC9B8D-C4E7-477D-A922-11C54CC2E561}.Debug|iPhone.Build.0 = Debug|x86
		{E2BC9B8D-C4E7-477D-A922-11C54CC2E561}.Debug|iPhone.Deploy.0 = Debug|x86
		{E2BC9B8D-C4E7-477D-A922-11C54CC2E561}.Debug|iPhoneSimulator.ActiveCfg = Debug|x86
		{E2BC9B8D-C4E7-477D-A922-11C54CC2E561}.Debug|iPhoneSimulator.Build.0 = Debug|x86
		{E2BC9B8D-C4E7-477D-A922-11C54CC2E561}.Debug|iPhoneSimulator.Deploy.0 = Debug|x86
		{E2BC9B8D-C4E7-477D-A922-11C54CC2E561}.Debug|x64.ActiveCfg = Debug|x64
		{E2BC9B8D-C4E7-477D-A922-11C54CC2E561}.Debug|x64.Build.0 = Debug|x64
		{E2BC9B8D-C4E7-477D-A922-11C54CC2E561}.Debug|x64.Deploy.0 = Debug|x64
		{E2BC9B8D-C4E7-477D-A922-11C54CC2E561}.Debug|x86.ActiveCfg = Debug|x86
		{E2BC9B8D-C4E7-477D-A922-11C54CC2E561}.Debug|x86.Build.0 = Debug|x86
		{E2BC9B8D-C4E7-477D-A922-11C54CC2E561}.Debug|x86.Deploy.0 = Debug|x86
		{E2BC9B8D-C4E7-477D-A922-11C54CC2E561}.Release|Any CPU.ActiveCfg = Release|x86
		{E2BC9B8D-C4E7-477D-A922-11C54CC2E561}.Release|Any CPU.Build.0 = Release|x86
		{E2BC9B8D-C4E7-477D-A922-11C54CC2E561}.Release|Any CPU.Deploy.0 = Release|x86
		{E2BC9B8D-C4E7-477D-A922-11C54CC2E561}.Release|ARM.ActiveCfg = Release|ARM
		{E2BC9B8D-C4E7-477D-A922-11C54CC2E561}.Release|ARM.Build.0 = Release|ARM
		{E2BC9B8D-C4E7-477D-A922-11C54CC2E561}.Release|ARM.Deploy.0 = Release|ARM
		{E2BC9B8D-C4E7-477D-A922-11C54CC2E561}.Release|iPhone.ActiveCfg = Release|x86
		{E2BC9B8D-C4E7-477D-A922-11C54CC2E561}.Release|iPhone.Build.0 = Release|x86
		{E2BC9B8D-C4E7-477D-A922-11C54CC2E561}.Release|iPhone.Deploy.0 = Release|x86
		{E2BC9B8D-C4E7-477D-A922-11C54CC2E561}.Release|iPhoneSimulator.ActiveCfg = Release|x86
		{E2BC9B8D-C4E7-477D-A922-11C54CC2E561}.Release|iPhoneSimulator.Build.0 = Release|x86
		{E2BC9B8D-C4E7-477D-A922-11C54CC2E561}.Release|iPhoneSimulator.Deploy.0 = Release|x86
		{E2BC9B8D-C4E7-477D-A922-11C54CC2E561}.Release|x64.ActiveCfg = Release|x64
		{E2BC9B8D-C4E7-477D-A922-11C54CC2E561}.Release|x64.Build.0 = Release|x64
		{E2BC9B8D-C4E7-477D-A922-11C54CC2E561}.Release|x64.Deploy.0 = Release|x64
		{E2BC9B8D-C4E7-477D-A922-11C54CC2E561}.Release|x86.ActiveCfg = Release|x86
		{E2BC9B8D-C4E7-477D-A922-11C54CC2E561}.Release|x86.Build.0 = Release|x86
		{E2BC9B8D-C4E7-477D-A922-11C54CC2E561}.Release|x86.Deploy.0 = Release|x86
		{950B1AD9-35C2-4FEA-B3A1-6274DB33B44D}.Ad-Hoc|Any CPU.ActiveCfg = Debug|Any CPU
		{950B1AD9-35C2-4FEA-B3A1-6274DB33B44D}.Ad-Hoc|Any CPU.Build.0 = Debug|Any CPU
		{950B1AD9-35C2-4FEA-B3A1-6274DB33B44D}.Ad-Hoc|Any CPU.Deploy.0 = Debug|Any CPU
		{950B1AD9-35C2-4FEA-B3A1-6274DB33B44D}.Ad-Hoc|ARM.ActiveCfg = Debug|Any CPU
		{950B1AD9-35C2-4FEA-B3A1-6274DB33B44D}.Ad-Hoc|ARM.Build.0 = Debug|Any CPU
		{950B1AD9-35C2-4FEA-B3A1-6274DB33B44D}.Ad-Hoc|ARM.Deploy.0 = Debug|Any CPU
		{950B1AD9-35C2-4FEA-B3A1-6274DB33B44D}.Ad-Hoc|iPhone.ActiveCfg = Debug|Any CPU
		{950B1AD9-35C2-4FEA-B3A1-6274DB33B44D}.Ad-Hoc|iPhone.Build.0 = Debug|Any CPU
		{950B1AD9-35C2-4FEA-B3A1-6274DB33B44D}.Ad-Hoc|iPhone.Deploy.0 = Debug|Any CPU
		{950B1AD9-35C2-4FEA-B3A1-6274DB33B44D}.Ad-Hoc|iPhoneSimulator.ActiveCfg = Debug|Any CPU
		{950B1AD9-35C2-4FEA-B3A1-6274DB33B44D}.Ad-Hoc|iPhoneSimulator.Build.0 = Debug|Any CPU
		{950B1AD9-35C2-4FEA-B3A1-6274DB33B44D}.Ad-Hoc|iPhoneSimulator.Deploy.0 = Debug|Any CPU
		{950B1AD9-35C2-4FEA-B3A1-6274DB33B44D}.Ad-Hoc|x64.ActiveCfg = Debug|Any CPU
		{950B1AD9-35C2-4FEA-B3A1-6274DB33B44D}.Ad-Hoc|x64.Build.0 = Debug|Any CPU
		{950B1AD9-35C2-4FEA-B3A1-6274DB33B44D}.Ad-Hoc|x64.Deploy.0 = Debug|Any CPU
		{950B1AD9-35C2-4FEA-B3A1-6274DB33B44D}.Ad-Hoc|x86.ActiveCfg = Debug|Any CPU
		{950B1AD9-35C2-4FEA-B3A1-6274DB33B44D}.Ad-Hoc|x86.Build.0 = Debug|Any CPU
		{950B1AD9-35C2-4FEA-B3A1-6274DB33B44D}.Ad-Hoc|x86.Deploy.0 = Debug|Any CPU
		{950B1AD9-35C2-4FEA-B3A1-6274DB33B44D}.AppStore|Any CPU.ActiveCfg = Debug|Any CPU
		{950B1AD9-35C2-4FEA-B3A1-6274DB33B44D}.AppStore|Any CPU.Build.0 = Debug|Any CPU
		{950B1AD9-35C2-4FEA-B3A1-6274DB33B44D}.AppStore|Any CPU.Deploy.0 = Debug|Any CPU
		{950B1AD9-35C2-4FEA-B3A1-6274DB33B44D}.AppStore|ARM.ActiveCfg = Debug|Any CPU
		{950B1AD9-35C2-4FEA-B3A1-6274DB33B44D}.AppStore|ARM.Build.0 = Debug|Any CPU
		{950B1AD9-35C2-4FEA-B3A1-6274DB33B44D}.AppStore|ARM.Deploy.0 = Debug|Any CPU
		{950B1AD9-35C2-4FEA-B3A1-6274DB33B44D}.AppStore|iPhone.ActiveCfg = Debug|Any CPU
		{950B1AD9-35C2-4FEA-B3A1-6274DB33B44D}.AppStore|iPhone.Build.0 = Debug|Any CPU
		{950B1AD9-35C2-4FEA-B3A1-6274DB33B44D}.AppStore|iPhone.Deploy.0 = Debug|Any CPU
		{950B1AD9-35C2-4FEA-B3A1-6274DB33B44D}.AppStore|iPhoneSimulator.ActiveCfg = Debug|Any CPU
		{950B1AD9-35C2-4FEA-B3A1-6274DB33B44D}.AppStore|iPhoneSimulator.Build.0 = Debug|Any CPU
		{950B1AD9-35C2-4FEA-B3A1-6274DB33B44D}.AppStore|iPhoneSimulator.Deploy.0 = Debug|Any CPU
		{950B1AD9-35C2-4FEA-B3A1-6274DB33B44D}.AppStore|x64.ActiveCfg = Debug|Any CPU
		{950B1AD9-35C2-4FEA-B3A1-6274DB33B44D}.AppStore|x64.Build.0 = Debug|Any CPU
		{950B1AD9-35C2-4FEA-B3A1-6274DB33B44D}.AppStore|x64.Deploy.0 = Debug|Any CPU
		{950B1AD9-35C2-4FEA-B3A1-6274DB33B44D}.AppStore|x86.ActiveCfg = Debug|Any CPU
		{950B1AD9-35C2-4FEA-B3A1-6274DB33B44D}.AppStore|x86.Build.0 = Debug|Any CPU
		{950B1AD9-35C2-4FEA-B3A1-6274DB33B44D}.AppStore|x86.Deploy.0 = Debug|Any CPU
		{950B1AD9-35C2-4FEA-B3A1-6274DB33B44D}.Debug|Any CPU.ActiveCfg = Debug|Any CPU
		{950B1AD9-35C2-4FEA-B3A1-6274DB33B44D}.Debug|Any CPU.Build.0 = Debug|Any CPU
		{950B1AD9-35C2-4FEA-B3A1-6274DB33B44D}.Debug|Any CPU.Deploy.0 = Debug|Any CPU
		{950B1AD9-35C2-4FEA-B3A1-6274DB33B44D}.Debug|ARM.ActiveCfg = Debug|Any CPU
		{950B1AD9-35C2-4FEA-B3A1-6274DB33B44D}.Debug|ARM.Build.0 = Debug|Any CPU
		{950B1AD9-35C2-4FEA-B3A1-6274DB33B44D}.Debug|ARM.Deploy.0 = Debug|Any CPU
		{950B1AD9-35C2-4FEA-B3A1-6274DB33B44D}.Debug|iPhone.ActiveCfg = Debug|Any CPU
		{950B1AD9-35C2-4FEA-B3A1-6274DB33B44D}.Debug|iPhone.Build.0 = Debug|Any CPU
		{950B1AD9-35C2-4FEA-B3A1-6274DB33B44D}.Debug|iPhone.Deploy.0 = Debug|Any CPU
		{950B1AD9-35C2-4FEA-B3A1-6274DB33B44D}.Debug|iPhoneSimulator.ActiveCfg = Debug|Any CPU
		{950B1AD9-35C2-4FEA-B3A1-6274DB33B44D}.Debug|iPhoneSimulator.Build.0 = Debug|Any CPU
		{950B1AD9-35C2-4FEA-B3A1-6274DB33B44D}.Debug|iPhoneSimulator.Deploy.0 = Debug|Any CPU
		{950B1AD9-35C2-4FEA-B3A1-6274DB33B44D}.Debug|x64.ActiveCfg = Debug|Any CPU
		{950B1AD9-35C2-4FEA-B3A1-6274DB33B44D}.Debug|x64.Build.0 = Debug|Any CPU
		{950B1AD9-35C2-4FEA-B3A1-6274DB33B44D}.Debug|x64.Deploy.0 = Debug|Any CPU
		{950B1AD9-35C2-4FEA-B3A1-6274DB33B44D}.Debug|x86.ActiveCfg = Debug|Any CPU
		{950B1AD9-35C2-4FEA-B3A1-6274DB33B44D}.Debug|x86.Build.0 = Debug|Any CPU
		{950B1AD9-35C2-4FEA-B3A1-6274DB33B44D}.Debug|x86.Deploy.0 = Debug|Any CPU
		{950B1AD9-35C2-4FEA-B3A1-6274DB33B44D}.Release|Any CPU.ActiveCfg = Release|Any CPU
		{950B1AD9-35C2-4FEA-B3A1-6274DB33B44D}.Release|Any CPU.Build.0 = Release|Any CPU
		{950B1AD9-35C2-4FEA-B3A1-6274DB33B44D}.Release|Any CPU.Deploy.0 = Release|Any CPU
		{950B1AD9-35C2-4FEA-B3A1-6274DB33B44D}.Release|ARM.ActiveCfg = Release|Any CPU
		{950B1AD9-35C2-4FEA-B3A1-6274DB33B44D}.Release|ARM.Build.0 = Release|Any CPU
		{950B1AD9-35C2-4FEA-B3A1-6274DB33B44D}.Release|ARM.Deploy.0 = Release|Any CPU
		{950B1AD9-35C2-4FEA-B3A1-6274DB33B44D}.Release|iPhone.ActiveCfg = Release|Any CPU
		{950B1AD9-35C2-4FEA-B3A1-6274DB33B44D}.Release|iPhone.Build.0 = Release|Any CPU
		{950B1AD9-35C2-4FEA-B3A1-6274DB33B44D}.Release|iPhone.Deploy.0 = Release|Any CPU
		{950B1AD9-35C2-4FEA-B3A1-6274DB33B44D}.Release|iPhoneSimulator.ActiveCfg = Release|Any CPU
		{950B1AD9-35C2-4FEA-B3A1-6274DB33B44D}.Release|iPhoneSimulator.Build.0 = Release|Any CPU
		{950B1AD9-35C2-4FEA-B3A1-6274DB33B44D}.Release|iPhoneSimulator.Deploy.0 = Release|Any CPU
		{950B1AD9-35C2-4FEA-B3A1-6274DB33B44D}.Release|x64.ActiveCfg = Release|Any CPU
		{950B1AD9-35C2-4FEA-B3A1-6274DB33B44D}.Release|x64.Build.0 = Release|Any CPU
		{950B1AD9-35C2-4FEA-B3A1-6274DB33B44D}.Release|x64.Deploy.0 = Release|Any CPU
		{950B1AD9-35C2-4FEA-B3A1-6274DB33B44D}.Release|x86.ActiveCfg = Release|Any CPU
		{950B1AD9-35C2-4FEA-B3A1-6274DB33B44D}.Release|x86.Build.0 = Release|Any CPU
		{950B1AD9-35C2-4FEA-B3A1-6274DB33B44D}.Release|x86.Deploy.0 = Release|Any CPU
	EndGlobalSection
	GlobalSection(SolutionProperties) = preSolution
		HideSolutionNode = FALSE
	EndGlobalSection
	GlobalSection(ExtensibilityGlobals) = postSolution
		SolutionGuid = {06BACDB2-5452-4A8D-8797-B1158346DBD0}
	EndGlobalSection
EndGlobal
